{
    "_readme": [
        "This file locks the dependencies of your project to a known state",
        "Read more about it at http://getcomposer.org/doc/01-basic-usage.md#composer-lock-the-lock-file",
        "This file is @generated automatically"
    ],
    "hash": "2cfc0f084ebfd8a851fa1c9c16c00238",
    "packages": [
        {
            "name": "letsdrink/ouzo-goodies",
            "version": "1.5.0",
            "source": {
                "type": "git",
                "url": "https://github.com/letsdrink/ouzo-goodies.git",
                "reference": "685f3bbd9066ccf732db70290d3b96b2bedffc69"
            },
            "dist": {
                "type": "zip",
                "url": "https://api.github.com/repos/letsdrink/ouzo-goodies/zipball/685f3bbd9066ccf732db70290d3b96b2bedffc69",
                "reference": "685f3bbd9066ccf732db70290d3b96b2bedffc69",
                "shasum": ""
            },
            "type": "library",
            "autoload": {
                "psr-4": {
                    "Ouzo\\": ""
                }
            },
            "notification-url": "https://packagist.org/downloads/",
            "license": [
                "MIT"
            ],
            "authors": [
                {
                    "name": "Ouzo developers",
                    "email": "ouzo-framework@googlegroups.com"
                }
            ],
            "description": "Utility classes, test assertions and mocking framework extracted from Ouzo framework.",
            "homepage": "http://ouzoframework.org/",
            "keywords": [
                "TDD",
                "asserts",
                "mock",
                "php",
                "test",
                "utilities",
                "utils"
            ],
            "time": "2015-06-12 08:50:47"
        },
        {
            "name": "piotrooo/wsdl-creator",
            "version": "1.4.1",
            "source": {
                "type": "git",
                "url": "https://github.com/piotrooo/wsdl-creator.git",
                "reference": "b67fef63fd544e1c2e30749cf26ebba7a87c94e1"
            },
            "dist": {
                "type": "zip",
                "url": "https://api.github.com/repos/piotrooo/wsdl-creator/zipball/b67fef63fd544e1c2e30749cf26ebba7a87c94e1",
                "reference": "b67fef63fd544e1c2e30749cf26ebba7a87c94e1",
                "shasum": ""
            },
            "require": {
                "letsdrink/ouzo-goodies": "1.5.0"
            },
            "require-dev": {
                "phpunit/phpunit": "4.7.5",
                "satooshi/php-coveralls": "dev-master",
                "symfony/console": "v2.7.1"
            },
            "type": "library",
            "autoload": {
                "psr-0": {
                    "WSDL\\": "src/",
                    "Mocks\\": "tests/",
                    "Factory\\": "tests/",
                    "Clients\\": "examples/"
                }
            },
            "notification-url": "https://packagist.org/downloads/",
            "license": [
                "MIT"
            ],
            "authors": [
                {
                    "name": "Piotr Olaszewski",
                    "email": "piotroo89@gmail.com"
                }
            ],
            "description": "PHP WSDL creator using PHPdoc (annotations, reflections).",
            "keywords": [
                "annotations",
                "creator",
                "generator",
                "php",
                "reflections",
                "soap",
                "wsdl"
            ],
            "time": "2015-07-15 20:40:19"
        }
    ],
    "packages-dev": [],
    "aliases": [],
    "minimum-stability": "stable",
    "stability-flags": [],
    "prefer-stable": false,
    "prefer-lowest": false,
    "platform": [],
    "platform-dev": []
}
